// !$*UTF8*$!
{
	archiveVersion = 1;
	classes = {
	};
	objectVersion = 55;
	objects = {

/* Begin PBXBuildFile section */
		3007BE902A8AABEFCCBB7CD4 /* Pods_Practical_Test_Theta.framework in Frameworks */ = {isa = PBXBuildFile; fileRef = 7D9A6B7E19E80D9F6019723C /* Pods_Practical_Test_Theta.framework */; };
		7975AE4427B2B545005DB398 /* AppDelegate.swift in Sources */ = {isa = PBXBuildFile; fileRef = 7975AE4327B2B545005DB398 /* AppDelegate.swift */; };
		7975AE4827B2B545005DB398 /* ViewController.swift in Sources */ = {isa = PBXBuildFile; fileRef = 7975AE4727B2B545005DB398 /* ViewController.swift */; };
		7975AE4B27B2B545005DB398 /* Main.storyboard in Resources */ = {isa = PBXBuildFile; fileRef = 7975AE4927B2B545005DB398 /* Main.storyboard */; };
		7975AE4D27B2B548005DB398 /* Assets.xcassets in Resources */ = {isa = PBXBuildFile; fileRef = 7975AE4C27B2B548005DB398 /* Assets.xcassets */; };
		7975AE5027B2B548005DB398 /* LaunchScreen.storyboard in Resources */ = {isa = PBXBuildFile; fileRef = 7975AE4E27B2B548005DB398 /* LaunchScreen.storyboard */; };
		7975AE5827B2B644005DB398 /* LoginVC.swift in Sources */ = {isa = PBXBuildFile; fileRef = 7975AE5727B2B644005DB398 /* LoginVC.swift */; };
		7975AE5A27B2B9F1005DB398 /* HomeVC.swift in Sources */ = {isa = PBXBuildFile; fileRef = 7975AE5927B2B9F1005DB398 /* HomeVC.swift */; };
		7975AE5C27B2C259005DB398 /* TabBarvc.swift in Sources */ = {isa = PBXBuildFile; fileRef = 7975AE5B27B2C259005DB398 /* TabBarvc.swift */; };
		7975AE5E27B2C333005DB398 /* ProfileVC.swift in Sources */ = {isa = PBXBuildFile; fileRef = 7975AE5D27B2C332005DB398 /* ProfileVC.swift */; };
		7975AE6127B2D3F1005DB398 /* HomeCell.swift in Sources */ = {isa = PBXBuildFile; fileRef = 7975AE5F27B2D3F1005DB398 /* HomeCell.swift */; };
		7975AE6227B2D3F1005DB398 /* HomeCell.xib in Resources */ = {isa = PBXBuildFile; fileRef = 7975AE6027B2D3F1005DB398 /* HomeCell.xib */; };
		7975AE8E27B2D912005DB398 /* AJAlertController.xib in Resources */ = {isa = PBXBuildFile; fileRef = 7975AE8127B2D912005DB398 /* AJAlertController.xib */; };
		7975AE8F27B2D912005DB398 /* ValidationAlertController.xib in Resources */ = {isa = PBXBuildFile; fileRef = 7975AE8227B2D912005DB398 /* ValidationAlertController.xib */; };
		7975AE9027B2D912005DB398 /* ValidationAlertController.swift in Sources */ = {isa = PBXBuildFile; fileRef = 7975AE8327B2D912005DB398 /* ValidationAlertController.swift */; };
		7975AE9127B2D912005DB398 /* AJAlertController.swift in Sources */ = {isa = PBXBuildFile; fileRef = 7975AE8427B2D912005DB398 /* AJAlertController.swift */; };
		7975AE9527B2D912005DB398 /* Singleton.swift in Sources */ = {isa = PBXBuildFile; fileRef = 7975AE8827B2D912005DB398 /* Singleton.swift */; };
		7975AE9927B2D912005DB398 /* IPAlertviewController.swift in Sources */ = {isa = PBXBuildFile; fileRef = 7975AE8C27B2D912005DB398 /* IPAlertviewController.swift */; };
		7975AE9A27B2D912005DB398 /* IPLoader.swift in Sources */ = {isa = PBXBuildFile; fileRef = 7975AE8D27B2D912005DB398 /* IPLoader.swift */; };
/* End PBXBuildFile section */

/* Begin PBXFileReference section */
		5F16ECEC6075FD6CF72E388F /* Pods-Practical_Test_Theta.release.xcconfig */ = {isa = PBXFileReference; includeInIndex = 1; lastKnownFileType = text.xcconfig; name = "Pods-Practical_Test_Theta.release.xcconfig"; path = "Target Support Files/Pods-Practical_Test_Theta/Pods-Practical_Test_Theta.release.xcconfig"; sourceTree = "<group>"; };
		65478B77087A871D58374062 /* Pods-Practical_Test_Theta.debug.xcconfig */ = {isa = PBXFileReference; includeInIndex = 1; lastKnownFileType = text.xcconfig; name = "Pods-Practical_Test_Theta.debug.xcconfig"; path = "Target Support Files/Pods-Practical_Test_Theta/Pods-Practical_Test_Theta.debug.xcconfig"; sourceTree = "<group>"; };
		7975AE4027B2B545005DB398 /* Practical_Test_Theta.app */ = {isa = PBXFileReference; explicitFileType = wrapper.application; includeInIndex = 0; path = Practical_Test_Theta.app; sourceTree = BUILT_PRODUCTS_DIR; };
		7975AE4327B2B545005DB398 /* AppDelegate.swift */ = {isa = PBXFileReference; lastKnownFileType = sourcecode.swift; path = AppDelegate.swift; sourceTree = "<group>"; };
		7975AE4727B2B545005DB398 /* ViewController.swift */ = {isa = PBXFileReference; lastKnownFileType = sourcecode.swift; path = ViewController.swift; sourceTree = "<group>"; };
		7975AE4A27B2B545005DB398 /* Base */ = {isa = PBXFileReference; lastKnownFileType = file.storyboard; name = Base; path = Base.lproj/Main.storyboard; sourceTree = "<group>"; };
		7975AE4C27B2B548005DB398 /* Assets.xcassets */ = {isa = PBXFileReference; lastKnownFileType = folder.assetcatalog; path = Assets.xcassets; sourceTree = "<group>"; };
		7975AE4F27B2B548005DB398 /* Base */ = {isa = PBXFileReference; lastKnownFileType = file.storyboard; name = Base; path = Base.lproj/LaunchScreen.storyboard; sourceTree = "<group>"; };
		7975AE5127B2B548005DB398 /* Info.plist */ = {isa = PBXFileReference; lastKnownFileType = text.plist.xml; path = Info.plist; sourceTree = "<group>"; };
		7975AE5727B2B644005DB398 /* LoginVC.swift */ = {isa = PBXFileReference; lastKnownFileType = sourcecode.swift; path = LoginVC.swift; sourceTree = "<group>"; };
		7975AE5927B2B9F1005DB398 /* HomeVC.swift */ = {isa = PBXFileReference; lastKnownFileType = sourcecode.swift; path = HomeVC.swift; sourceTree = "<group>"; };
		7975AE5B27B2C259005DB398 /* TabBarvc.swift */ = {isa = PBXFileReference; lastKnownFileType = sourcecode.swift; path = TabBarvc.swift; sourceTree = "<group>"; };
		7975AE5D27B2C332005DB398 /* ProfileVC.swift */ = {isa = PBXFileReference; lastKnownFileType = sourcecode.swift; path = ProfileVC.swift; sourceTree = "<group>"; };
		7975AE5F27B2D3F1005DB398 /* HomeCell.swift */ = {isa = PBXFileReference; lastKnownFileType = sourcecode.swift; path = HomeCell.swift; sourceTree = "<group>"; };
		7975AE6027B2D3F1005DB398 /* HomeCell.xib */ = {isa = PBXFileReference; lastKnownFileType = file.xib; path = HomeCell.xib; sourceTree = "<group>"; };
		7975AE8127B2D912005DB398 /* AJAlertController.xib */ = {isa = PBXFileReference; fileEncoding = 4; lastKnownFileType = file.xib; path = AJAlertController.xib; sourceTree = "<group>"; };
		7975AE8227B2D912005DB398 /* ValidationAlertController.xib */ = {isa = PBXFileReference; fileEncoding = 4; lastKnownFileType = file.xib; path = ValidationAlertController.xib; sourceTree = "<group>"; };
		7975AE8327B2D912005DB398 /* ValidationAlertController.swift */ = {isa = PBXFileReference; fileEncoding = 4; lastKnownFileType = sourcecode.swift; path = ValidationAlertController.swift; sourceTree = "<group>"; };
		7975AE8427B2D912005DB398 /* AJAlertController.swift */ = {isa = PBXFileReference; fileEncoding = 4; lastKnownFileType = sourcecode.swift; path = AJAlertController.swift; sourceTree = "<group>"; };
		7975AE8827B2D912005DB398 /* Singleton.swift */ = {isa = PBXFileReference; fileEncoding = 4; lastKnownFileType = sourcecode.swift; path = Singleton.swift; sourceTree = "<group>"; };
		7975AE8C27B2D912005DB398 /* IPAlertviewController.swift */ = {isa = PBXFileReference; fileEncoding = 4; lastKnownFileType = sourcecode.swift; path = IPAlertviewController.swift; sourceTree = "<group>"; };
		7975AE8D27B2D912005DB398 /* IPLoader.swift */ = {isa = PBXFileReference; fileEncoding = 4; lastKnownFileType = sourcecode.swift; path = IPLoader.swift; sourceTree = "<group>"; };
		7D9A6B7E19E80D9F6019723C /* Pods_Practical_Test_Theta.framework */ = {isa = PBXFileReference; explicitFileType = wrapper.framework; includeInIndex = 0; path = Pods_Practical_Test_Theta.framework; sourceTree = BUILT_PRODUCTS_DIR; };
/* End PBXFileReference section */

/* Begin PBXFrameworksBuildPhase section */
		7975AE3D27B2B545005DB398 /* Frameworks */ = {
			isa = PBXFrameworksBuildPhase;
			buildActionMask = 2147483647;
			files = (
				3007BE902A8AABEFCCBB7CD4 /* Pods_Practical_Test_Theta.framework in Frameworks */,
			);
			runOnlyForDeploymentPostprocessing = 0;
		};
/* End PBXFrameworksBuildPhase section */

/* Begin PBXGroup section */
		0EF813DCAA1B4D83CCD7E6AA /* Pods */ = {
			isa = PBXGroup;
			children = (
				65478B77087A871D58374062 /* Pods-Practical_Test_Theta.debug.xcconfig */,
				5F16ECEC6075FD6CF72E388F /* Pods-Practical_Test_Theta.release.xcconfig */,
			);
			path = Pods;
			sourceTree = "<group>";
		};
		2DA3D9D890B4E75D98CDA518 /* Frameworks */ = {
			isa = PBXGroup;
			children = (
				7D9A6B7E19E80D9F6019723C /* Pods_Practical_Test_Theta.framework */,
			);
			name = Frameworks;
			sourceTree = "<group>";
		};
		7975AE3727B2B545005DB398 = {
			isa = PBXGroup;
			children = (
				7975AE4227B2B545005DB398 /* Practical_Test_Theta */,
				7975AE4127B2B545005DB398 /* Products */,
				0EF813DCAA1B4D83CCD7E6AA /* Pods */,
				2DA3D9D890B4E75D98CDA518 /* Frameworks */,
			);
			sourceTree = "<group>";
		};
		7975AE4127B2B545005DB398 /* Products */ = {
			isa = PBXGroup;
			children = (
				7975AE4027B2B545005DB398 /* Practical_Test_Theta.app */,
			);
			name = Products;
			sourceTree = "<group>";
		};
		7975AE4227B2B545005DB398 /* Practical_Test_Theta */ = {
			isa = PBXGroup;
			children = (
				7975AE7F27B2D912005DB398 /* Extensions */,
				7975AE4327B2B545005DB398 /* AppDelegate.swift */,
				7975AE4727B2B545005DB398 /* ViewController.swift */,
				7975AE5727B2B644005DB398 /* LoginVC.swift */,
				7975AE5927B2B9F1005DB398 /* HomeVC.swift */,
				7975AE5F27B2D3F1005DB398 /* HomeCell.swift */,
				7975AE6027B2D3F1005DB398 /* HomeCell.xib */,
				7975AE5D27B2C332005DB398 /* ProfileVC.swift */,
				7975AE4927B2B545005DB398 /* Main.storyboard */,
				7975AE5B27B2C259005DB398 /* TabBarvc.swift */,
				7975AE4C27B2B548005DB398 /* Assets.xcassets */,
				7975AE4E27B2B548005DB398 /* LaunchScreen.storyboard */,
				7975AE5127B2B548005DB398 /* Info.plist */,
			);
			path = Practical_Test_Theta;
			sourceTree = "<group>";
		};
		7975AE7F27B2D912005DB398 /* Extensions */ = {
			isa = PBXGroup;
			children = (
				7975AE8027B2D912005DB398 /* AJAlertController */,
				7975AE8827B2D912005DB398 /* Singleton.swift */,
				7975AE8C27B2D912005DB398 /* IPAlertviewController.swift */,
				7975AE8D27B2D912005DB398 /* IPLoader.swift */,
			);
			path = Extensions;
			sourceTree = "<group>";
		};
		7975AE8027B2D912005DB398 /* AJAlertController */ = {
			isa = PBXGroup;
			children = (
				7975AE8127B2D912005DB398 /* AJAlertController.xib */,
				7975AE8227B2D912005DB398 /* ValidationAlertController.xib */,
				7975AE8327B2D912005DB398 /* ValidationAlertController.swift */,
				7975AE8427B2D912005DB398 /* AJAlertController.swift */,
			);
			path = AJAlertController;
			sourceTree = "<group>";
		};
/* End PBXGroup section */

/* Begin PBXNativeTarget section */
		7975AE3F27B2B545005DB398 /* Practical_Test_Theta */ = {
			isa = PBXNativeTarget;
			buildConfigurationList = 7975AE5427B2B548005DB398 /* Build configuration list for PBXNativeTarget "Practical_Test_Theta" */;
			buildPhases = (
				8D6DE8D67FE220F400BAD919 /* [CP] Check Pods Manifest.lock */,
				7975AE3C27B2B545005DB398 /* Sources */,
				7975AE3D27B2B545005DB398 /* Frameworks */,
				7975AE3E27B2B545005DB398 /* Resources */,
				D1560C810377BC06ECC5A7BF /* [CP] Embed Pods Frameworks */,
			);
			buildRules = (
			);
			dependencies = (
			);
			name = Practical_Test_Theta;
			productName = Practical_Test_Theta;
			productReference = 7975AE4027B2B545005DB398 /* Practical_Test_Theta.app */;
			productType = "com.apple.product-type.application";
		};
/* End PBXNativeTarget section */

/* Begin PBXProject section */
		7975AE3827B2B545005DB398 /* Project object */ = {
			isa = PBXProject;
			attributes = {
				BuildIndependentTargetsInParallel = 1;
				LastSwiftUpdateCheck = 1310;
				LastUpgradeCheck = 1310;
				TargetAttributes = {
					7975AE3F27B2B545005DB398 = {
						CreatedOnToolsVersion = 13.1;
					};
				};
			};
			buildConfigurationList = 7975AE3B27B2B545005DB398 /* Build configuration list for PBXProject "Practical_Test_Theta" */;
			compatibilityVersion = "Xcode 13.0";
			developmentRegion = en;
			hasScannedForEncodings = 0;
			knownRegions = (
				en,
				Base,
			);
			mainGroup = 7975AE3727B2B545005DB398;
			productRefGroup = 7975AE4127B2B545005DB398 /* Products */;
			projectDirPath = "";
			projectRoot = "";
			targets = (
				7975AE3F27B2B545005DB398 /* Practical_Test_Theta */,
			);
		};
/* End PBXProject section */

/* Begin PBXResourcesBuildPhase section */
		7975AE3E27B2B545005DB398 /* Resources */ = {
			isa = PBXResourcesBuildPhase;
			buildActionMask = 2147483647;
			files = (
				7975AE5027B2B548005DB398 /* LaunchScreen.storyboard in Resources */,
				7975AE4D27B2B548005DB398 /* Assets.xcassets in Resources */,
				7975AE6227B2D3F1005DB398 /* HomeCell.xib in Resources */,
				7975AE8E27B2D912005DB398 /* AJAlertController.xib in Resources */,
				7975AE4B27B2B545005DB398 /* Main.storyboard in Resources */,
				7975AE8F27B2D912005DB398 /* ValidationAlertController.xib in Resources */,
			);
			runOnlyForDeploymentPostprocessing = 0;
		};
/* End PBXResourcesBuildPhase section */

/* Begin PBXShellScriptBuildPhase section */
		8D6DE8D67FE220F400BAD919 /* [CP] Check Pods Manifest.lock */ = {
			isa = PBXShellScriptBuildPhase;
			buildActionMask = 2147483647;
			files = (
			);
			inputFileListPaths = (
			);
			inputPaths = (
				"${PODS_PODFILE_DIR_PATH}/Podfile.lock",
				"${PODS_ROOT}/Manifest.lock",
			);
			name = "[CP] Check Pods Manifest.lock";
			outputFileListPaths = (
			);
			outputPaths = (
				"$(DERIVED_FILE_DIR)/Pods-Practical_Test_Theta-checkManifestLockResult.txt",
			);
			runOnlyForDeploymentPostprocessing = 0;
			shellPath = /bin/sh;
			shellScript = "diff \"${PODS_PODFILE_DIR_PATH}/Podfile.lock\" \"${PODS_ROOT}/Manifest.lock\" > /dev/null\nif [ $? != 0 ] ; then\n    # print error to STDERR\n    echo \"error: The sandbox is not in sync with the Podfile.lock. Run 'pod install' or update your CocoaPods installation.\" >&2\n    exit 1\nfi\n# This output is used by Xcode 'outputs' to avoid re-running this script phase.\necho \"SUCCESS\" > \"${SCRIPT_OUTPUT_FILE_0}\"\n";
			showEnvVarsInLog = 0;
		};
		D1560C810377BC06ECC5A7BF /* [CP] Embed Pods Frameworks */ = {
			isa = PBXShellScriptBuildPhase;
			buildActionMask = 2147483647;
			files = (
			);
			inputFileListPaths = (
				"${PODS_ROOT}/Target Support Files/Pods-Practical_Test_Theta/Pods-Practical_Test_Theta-frameworks-${CONFIGURATION}-input-files.xcfilelist",
			);
			name = "[CP] Embed Pods Frameworks";
			outputFileListPaths = (
				"${PODS_ROOT}/Target Support Files/Pods-Practical_Test_Theta/Pods-Practical_Test_Theta-frameworks-${CONFIGURATION}-output-files.xcfilelist",
			);
			runOnlyForDeploymentPostprocessing = 0;
			shellPath = /bin/sh;
			shellScript = "\"${PODS_ROOT}/Target Support Files/Pods-Practical_Test_Theta/Pods-Practical_Test_Theta-frameworks.sh\"\n";
			showEnvVarsInLog = 0;
		};
/* End PBXShellScriptBuildPhase section */

/* Begin PBXSourcesBuildPhase section */
		7975AE3C27B2B545005DB398 /* Sources */ = {
			isa = PBXSourcesBuildPhase;
			buildActionMask = 2147483647;
			files = (
				7975AE5E27B2C333005DB398 /* ProfileVC.swift in Sources */,
				7975AE9027B2D912005DB398 /* ValidationAlertController.swift in Sources */,
				7975AE6127B2D3F1005DB398 /* HomeCell.swift in Sources */,
				7975AE4827B2B545005DB398 /* ViewController.swift in Sources */,
				7975AE9A27B2D912005DB398 /* IPLoader.swift in Sources */,
				7975AE9527B2D912005DB398 /* Singleton.swift in Sources */,
				7975AE9127B2D912005DB398 /* AJAlertController.swift in Sources */,
				7975AE5A27B2B9F1005DB398 /* HomeVC.swift in Sources */,
				7975AE4427B2B545005DB398 /* AppDelegate.swift in Sources */,
				7975AE5827B2B644005DB398 /* LoginVC.swift in Sources */,
				7975AE5C27B2C259005DB398 /* TabBarvc.swift in Sources */,
				7975AE9927B2D912005DB398 /* IPAlertviewController.swift in Sources */,
			);
			runOnlyForDeploymentPostprocessing = 0;
		};
/* End PBXSourcesBuildPhase section */

/* Begin PBXVariantGroup section */
		7975AE4927B2B545005DB398 /* Main.storyboard */ = {
			isa = PBXVariantGroup;
			children = (
				7975AE4A27B2B545005DB398 /* Base */,
			);
			name = Main.storyboard;
			sourceTree = "<group>";
		};
		7975AE4E27B2B548005DB398 /* LaunchScreen.storyboard */ = {
			isa = PBXVariantGroup;
			children = (
				7975AE4F27B2B548005DB398 /* Base */,
			);
			name = LaunchScreen.storyboard;
			sourceTree = "<group>";
		};
/* End PBXVariantGroup section */

/* Begin XCBuildConfiguration section */
		7975AE5227B2B548005DB398 /* Debug */ = {
			isa = XCBuildConfiguration;
			buildSettings = {
				ALWAYS_SEARCH_USER_PATHS = NO;
				CLANG_ANALYZER_NONNULL = YES;
				CLANG_ANALYZER_NUMBER_OBJECT_CONVERSION = YES_AGGRESSIVE;
				CLANG_CXX_LANGUAGE_STANDARD = "gnu++17";
				CLANG_CXX_LIBRARY = "libc++";
				CLANG_ENABLE_MODULES = YES;
				CLANG_ENABLE_OBJC_ARC = YES;
				CLANG_ENABLE_OBJC_WEAK = YES;
				CLANG_WARN_BLOCK_CAPTURE_AUTORELEASING = YES;
				CLANG_WARN_BOOL_CONVERSION = YES;
				CLANG_WARN_COMMA = YES;
				CLANG_WARN_CONSTANT_CONVERSION = YES;
				CLANG_WARN_DEPRECATED_OBJC_IMPLEMENTATIONS = YES;
				CLANG_WARN_DIRECT_OBJC_ISA_USAGE = YES_ERROR;
				CLANG_WARN_DOCUMENTATION_COMMENTS = YES;
				CLANG_WARN_EMPTY_BODY = YES;
				CLANG_WARN_ENUM_CONVERSION = YES;
				CLANG_WARN_INFINITE_RECURSION = YES;
				CLANG_WARN_INT_CONVERSION = YES;
				CLANG_WARN_NON_LITERAL_NULL_CONVERSION = YES;
				CLANG_WARN_OBJC_IMPLICIT_RETAIN_SELF = YES;
				CLANG_WARN_OBJC_LITERAL_CONVERSION = YES;
				CLANG_WARN_OBJC_ROOT_CLASS = YES_ERROR;
				CLANG_WARN_QUOTED_INCLUDE_IN_FRAMEWORK_HEADER = YES;
				CLANG_WARN_RANGE_LOOP_ANALYSIS = YES;
				CLANG_WARN_STRICT_PROTOTYPES = YES;
				CLANG_WARN_SUSPICIOUS_MOVE = YES;
				CLANG_WARN_UNGUARDED_AVAILABILITY = YES_AGGRESSIVE;
				CLANG_WARN_UNREACHABLE_CODE = YES;
				CLANG_WARN__DUPLICATE_METHOD_MATCH = YES;
				COPY_PHASE_STRIP = NO;
				DEBUG_INFORMATION_FORMAT = dwarf;
				ENABLE_STRICT_OBJC_MSGSEND = YES;
				ENABLE_TESTABILITY = YES;
				GCC_C_LANGUAGE_STANDARD = gnu11;
				GCC_DYNAMIC_NO_PIC = NO;
				GCC_NO_COMMON_BLOCKS = YES;
				GCC_OPTIMIZATION_LEVEL = 0;
				GCC_PREPROCESSOR_DEFINITIONS = (
					"DEBUG=1",
					"$(inherited)",
				);
				GCC_WARN_64_TO_32_BIT_CONVERSION = YES;
				GCC_WARN_ABOUT_RETURN_TYPE = YES_ERROR;
				GCC_WARN_UNDECLARED_SELECTOR = YES;
				GCC_WARN_UNINITIALIZED_AUTOS = YES_AGGRESSIVE;
				GCC_WARN_UNUSED_FUNCTION = YES;
				GCC_WARN_UNUSED_VARIABLE = YES;
				IPHONEOS_DEPLOYMENT_TARGET = 15.0;
				MTL_ENABLE_DEBUG_INFO = INCLUDE_SOURCE;
				MTL_FAST_MATH = YES;
				ONLY_ACTIVE_ARCH = YES;
				SDKROOT = iphoneos;
				SWIFT_ACTIVE_COMPILATION_CONDITIONS = DEBUG;
				SWIFT_OPTIMIZATION_LEVEL = "-Onone";
			};
			name = Debug;
		};
		7975AE5327B2B548005DB398 /* Release */ = {
			isa = XCBuildConfiguration;
			buildSettings = {
				ALWAYS_SEARCH_USER_PATHS = NO;
				CLANG_ANALYZER_NONNULL = YES;
				CLANG_ANALYZER_NUMBER_OBJECT_CONVERSION = YES_AGGRESSIVE;
				CLANG_CXX_LANGUAGE_STANDARD = "gnu++17";
				CLANG_CXX_LIBRARY = "libc++";
				CLANG_ENABLE_MODULES = YES;
				CLANG_ENABLE_OBJC_ARC = YES;
				CLANG_ENABLE_OBJC_WEAK = YES;
				CLANG_WARN_BLOCK_CAPTURE_AUTORELEASING = YES;
				CLANG_WARN_BOOL_CONVERSION = YES;
				CLANG_WARN_COMMA = YES;
				CLANG_WARN_CONSTANT_CONVERSION = YES;
				CLANG_WARN_DEPRECATED_OBJC_IMPLEMENTATIONS = YES;
				CLANG_WARN_DIRECT_OBJC_ISA_USAGE = YES_ERROR;
				CLANG_WARN_DOCUMENTATION_COMMENTS = YES;
				CLANG_WARN_EMPTY_BODY = YES;
				CLANG_WARN_ENUM_CONVERSION = YES;
				CLANG_WARN_INFINITE_RECURSION = YES;
				CLANG_WARN_INT_CONVERSION = YES;
				CLANG_WARN_NON_LITERAL_NULL_CONVERSION = YES;
				CLANG_WARN_OBJC_IMPLICIT_RETAIN_SELF = YES;
				CLANG_WARN_OBJC_LITERAL_CONVERSION = YES;
				CLANG_WARN_OBJC_ROOT_CLASS = YES_ERROR;
				CLANG_WARN_QUOTED_INCLUDE_IN_FRAMEWORK_HEADER = YES;
				CLANG_WARN_RANGE_LOOP_ANALYSIS = YES;
				CLANG_WARN_STRICT_PROTOTYPES = YES;
				CLANG_WARN_SUSPICIOUS_MOVE = YES;
				CLANG_WARN_UNGUARDED_AVAILABILITY = YES_AGGRESSIVE;
				CLANG_WARN_UNREACHABLE_CODE = YES;
				CLANG_WARN__DUPLICATE_METHOD_MATCH = YES;
				COPY_PHASE_STRIP = NO;
				DEBUG_INFORMATION_FORMAT = "dwarf-with-dsym";
				ENABLE_NS_ASSERTIONS = NO;
				ENABLE_STRICT_OBJC_MSGSEND = YES;
				GCC_C_LANGUAGE_STANDARD = gnu11;
				GCC_NO_COMMON_BLOCKS = YES;
				GCC_WARN_64_TO_32_BIT_CONVERSION = YES;
				GCC_WARN_ABOUT_RETURN_TYPE = YES_ERROR;
				GCC_WARN_UNDECLARED_SELECTOR = YES;
				GCC_WARN_UNINITIALIZED_AUTOS = YES_AGGRESSIVE;
				GCC_WARN_UNUSED_FUNCTION = YES;
				GCC_WARN_UNUSED_VARIABLE = YES;
				IPHONEOS_DEPLOYMENT_TARGET = 15.0;
				MTL_ENABLE_DEBUG_INFO = NO;
				MTL_FAST_MATH = YES;
				SDKROOT = iphoneos;
				SWIFT_COMPILATION_MODE = wholemodule;
				SWIFT_OPTIMIZATION_LEVEL = "-O";
				VALIDATE_PRODUCT = YES;
			};
			name = Release;
		};
		7975AE5527B2B548005DB398 /* Debug */ = {
			isa = XCBuildConfiguration;
			baseConfigurationReference = 65478B77087A871D58374062 /* Pods-Practical_Test_Theta.debug.xcconfig */;
			buildSettings = {
				ASSETCATALOG_COMPILER_APPICON_NAME = AppIcon;
				ASSETCATALOG_COMPILER_GLOBAL_ACCENT_COLOR_NAME = AccentColor;
				CODE_SIGN_STYLE = Automatic;
				CURRENT_PROJECT_VERSION = 1;
				GENERATE_INFOPLIST_FILE = YES;
				INFOPLIST_FILE = Practical_Test_Theta/Info.plist;
				INFOPLIST_KEY_UIApplicationSupportsIndirectInputEvents = YES;
				INFOPLIST_KEY_UILaunchStoryboardName = LaunchScreen;
				INFOPLIST_KEY_UIMainStoryboardFile = Main;
				INFOPLIST_KEY_UISupportedInterfaceOrientations_iPad = "UIInterfaceOrientationPortrait UIInterfaceOrientationPortraitUpsideDown UIInterfaceOrientationLandscapeLeft UIInterfaceOrientationLandscapeRight";
				INFOPLIST_KEY_UISupportedInterfaceOrientations_iPhone = "UIInterfaceOrientationPortrait UIInterfaceOrientationLandscapeLeft UIInterfaceOrientationLandscapeRight";
				LD_RUNPATH_SEARCH_PATHS = (
					"$(inherited)",
					"@executable_path/Frameworks",
				);
				MARKETING_VERSION = 1.0;
				PRODUCT_BUNDLE_IDENTIFIER = "com.Practical-Test-Theta.Practical-Test-Theta";
				PRODUCT_NAME = "$(TARGET_NAME)";
				SWIFT_EMIT_LOC_STRINGS = YES;
				SWIFT_VERSION = 5.0;
				TARGETED_DEVICE_FAMILY = "1,2";
			};
			name = Debug;
		};
		7975AE5627B2B548005DB398 /* Release */ = {
			isa = XCBuildConfiguration;
			baseConfigurationReference = 5F16ECEC6075FD6CF72E388F /* Pods-Practical_Test_Theta.release.xcconfig */;
			buildSettings = {
				ASSETCATALOG_COMPILER_APPICON_NAME = AppIcon;
				ASSETCATALOG_COMPILER_GLOBAL_ACCENT_COLOR_NAME = AccentColor;
				CODE_SIGN_STYLE = Automatic;
				CURRENT_PROJECT_VERSION = 1;
				GENERATE_INFOPLIST_FILE = YES;
				INFOPLIST_FILE = Practical_Test_Theta/Info.plist;
				INFOPLIST_KEY_UIApplicationSupportsIndirectInputEvents = YES;
				INFOPLIST_KEY_UILaunchStoryboardName = LaunchScreen;
				INFOPLIST_KEY_UIMainStoryboardFile = Main;
				INFOPLIST_KEY_UISupportedInterfaceOrientations_iPad = "UIInterfaceOrientationPortrait UIInterfaceOrientationPortraitUpsideDown UIInterfaceOrientationLandscapeLeft UIInterfaceOrientationLandscapeRight";
				INFOPLIST_KEY_UISupportedInterfaceOrientations_iPhone = "UIInterfaceOrientationPortrait UIInterfaceOrientationLandscapeLeft UIInterfaceOrientationLandscapeRight";
				LD_RUNPATH_SEARCH_PATHS = (
					"$(inherited)",
					"@executable_path/Frameworks",
				);
				MARKETING_VERSION = 1.0;
				PRODUCT_BUNDLE_IDENTIFIER = "com.Practical-Test-Theta.Practical-Test-Theta";
				PRODUCT_NAME = "$(TARGET_NAME)";
				SWIFT_EMIT_LOC_STRINGS = YES;
				SWIFT_VERSION = 5.0;
				TARGETED_DEVICE_FAMILY = "1,2";
			};
			name = Release;
		};
/* End XCBuildConfiguration section */

/* Begin XCConfigurationList section */
		7975AE3B27B2B545005DB398 /* Build configuration list for PBXProject "Practical_Test_Theta" */ = {
			isa = XCConfigurationList;
			buildConfigurations = (
				7975AE5227B2B548005DB398 /* Debug */,
				7975AE5327B2B548005DB398 /* Release */,
			);
			defaultConfigurationIsVisible = 0;
			defaultConfigurationName = Release;
		};
		7975AE5427B2B548005DB398 /* Build configuration list for PBXNativeTarget "Practical_Test_Theta" */ = {
			isa = XCConfigurationList;
			buildConfigurations = (
				7975AE5527B2B548005DB398 /* Debug */,
				7975AE5627B2B548005DB398 /* Release */,
			);
			defaultConfigurationIsVisible = 0;
			defaultConfigurationName = Release;
		};
/* End XCConfigurationList section */
	};
	rootObject = 7975AE3827B2B545005DB398 /* Project object */;
}
